Microsoft Visual Studio Solution File, Format Version 7.00
Project("{FAE04EC0-301F-11D3-BF4B-00C04F79EFBC}") = "Test", "Test.csproj", "{576C74DA-5A4A-47C4-9E19-25AFF052337E}"
EndProject
Global
	GlobalSection(SolutionConfiguration) = preSolution
		ConfigName.0 = Debug
		ConfigName.1 = Release
	EndGlobalSection
	GlobalSection(ProjectDependencies) = postSolution
	EndGlobalSection
	GlobalSection(ProjectConfiguration) = postSolution
		{576C74DA-5A4A-47C4-9E19-25AFF052337E}.Debug.ActiveCfg = Debug|.NET
		{576C74DA-5A4A-47C4-9E19-25AFF052337E}.Debug.Build.0 = Debug|.NET
		{576C74DA-5A4A-47C4-9E19-25AFF052337E}.Release.ActiveCfg = Release|.NET
		{576C74DA-5A4A-47C4-9E19-25AFF052337E}.Release.Build.0 = Release|.NET
	EndGlobalSection
	GlobalSection(ExtensibilityGlobals) = postSolution
	EndGlobalSection
	GlobalSection(ExtensibilityAddIns) = postSolution
	EndGlobalSection
EndGlobal
